// !$*UTF8*$!
{
	archiveVersion = 1;
	classes = {
	};
	objectVersion = 56;
	objects = {

/* Begin PBXBuildFile section */
		BC73129A2B3622C8008B69DD /* AppDelegate.swift in Sources */ = {isa = PBXBuildFile; fileRef = BC7312992B3622C8008B69DD /* AppDelegate.swift */; };
		BC73129C2B3622C8008B69DD /* SceneDelegate.swift in Sources */ = {isa = PBXBuildFile; fileRef = BC73129B2B3622C8008B69DD /* SceneDelegate.swift */; };
		BC73129E2B3622C8008B69DD /* ViewController.swift in Sources */ = {isa = PBXBuildFile; fileRef = BC73129D2B3622C8008B69DD /* ViewController.swift */; };
		BC7312A12B3622C8008B69DD /* Main.storyboard in Resources */ = {isa = PBXBuildFile; fileRef = BC73129F2B3622C8008B69DD /* Main.storyboard */; };
		BC7312A32B3622C9008B69DD /* Assets.xcassets in Resources */ = {isa = PBXBuildFile; fileRef = BC7312A22B3622C9008B69DD /* Assets.xcassets */; };
		BC7312A62B3622C9008B69DD /* LaunchScreen.storyboard in Resources */ = {isa = PBXBuildFile; fileRef = BC7312A42B3622C9008B69DD /* LaunchScreen.storyboard */; };
		BC7312AE2B36239A008B69DD /* Parent+Child+Leak.swift in Sources */ = {isa = PBXBuildFile; fileRef = BC7312AD2B36239A008B69DD /* Parent+Child+Leak.swift */; };
		BC7312B02B362576008B69DD /* Parent+Child+Idle.swift in Sources */ = {isa = PBXBuildFile; fileRef = BC7312AF2B362576008B69DD /* Parent+Child+Idle.swift */; };
/* End PBXBuildFile section */

/* Begin PBXFileReference section */
		BC7312962B3622C8008B69DD /* MemoryManagement.app */ = {isa = PBXFileReference; explicitFileType = wrapper.application; includeInIndex = 0; path = MemoryManagement.app; sourceTree = BUILT_PRODUCTS_DIR; };
		BC7312992B3622C8008B69DD /* AppDelegate.swift */ = {isa = PBXFileReference; lastKnownFileType = sourcecode.swift; path = AppDelegate.swift; sourceTree = "<group>"; };
		BC73129B2B3622C8008B69DD /* SceneDelegate.swift */ = {isa = PBXFileReference; lastKnownFileType = sourcecode.swift; path = SceneDelegate.swift; sourceTree = "<group>"; };
		BC73129D2B3622C8008B69DD /* ViewController.swift */ = {isa = PBXFileReference; lastKnownFileType = sourcecode.swift; path = ViewController.swift; sourceTree = "<group>"; };
		BC7312A02B3622C8008B69DD /* Base */ = {isa = PBXFileReference; lastKnownFileType = file.storyboard; name = Base; path = Base.lproj/Main.storyboard; sourceTree = "<group>"; };
		BC7312A22B3622C9008B69DD /* Assets.xcassets */ = {isa = PBXFileReference; lastKnownFileType = folder.assetcatalog; path = Assets.xcassets; sourceTree = "<group>"; };
		BC7312A52B3622C9008B69DD /* Base */ = {isa = PBXFileReference; lastKnownFileType = file.storyboard; name = Base; path = Base.lproj/LaunchScreen.storyboard; sourceTree = "<group>"; };
		BC7312A72B3622C9008B69DD /* Info.plist */ = {isa = PBXFileReference; lastKnownFileType = text.plist.xml; path = Info.plist; sourceTree = "<group>"; };
		BC7312AD2B36239A008B69DD /* Parent+Child+Leak.swift */ = {isa = PBXFileReference; lastKnownFileType = sourcecode.swift; path = "Parent+Child+Leak.swift"; sourceTree = "<group>"; };
		BC7312AF2B362576008B69DD /* Parent+Child+Idle.swift */ = {isa = PBXFileReference; lastKnownFileType = sourcecode.swift; path = "Parent+Child+Idle.swift"; sourceTree = "<group>"; };
/* End PBXFileReference section */

/* Begin PBXFrameworksBuildPhase section */
		BC7312932B3622C8008B69DD /* Frameworks */ = {
			isa = PBXFrameworksBuildPhase;
			buildActionMask = 2147483647;
			files = (
			);
			runOnlyForDeploymentPostprocessing = 0;
		};
/* End PBXFrameworksBuildPhase section */

/* Begin PBXGroup section */
		BC73128D2B3622C8008B69DD = {
			isa = PBXGroup;
			children = (
				BC7312982B3622C8008B69DD /* MemoryManagement */,
				BC7312972B3622C8008B69DD /* Products */,
			);
			sourceTree = "<group>";
		};
		BC7312972B3622C8008B69DD /* Products */ = {
			isa = PBXGroup;
			children = (
				BC7312962B3622C8008B69DD /* MemoryManagement.app */,
			);
			name = Products;
			sourceTree = "<group>";
		};
		BC7312982B3622C8008B69DD /* MemoryManagement */ = {
			isa = PBXGroup;
			children = (
				BC7312992B3622C8008B69DD /* AppDelegate.swift */,
				BC73129B2B3622C8008B69DD /* SceneDelegate.swift */,
				BC73129D2B3622C8008B69DD /* ViewController.swift */,
				BC73129F2B3622C8008B69DD /* Main.storyboard */,
				BC7312A22B3622C9008B69DD /* Assets.xcassets */,
				BC7312A42B3622C9008B69DD /* LaunchScreen.storyboard */,
				BC7312A72B3622C9008B69DD /* Info.plist */,
				BC7312AD2B36239A008B69DD /* Parent+Child+Leak.swift */,
				BC7312AF2B362576008B69DD /* Parent+Child+Idle.swift */,
			);
			path = MemoryManagement;
			sourceTree = "<group>";
		};
/* End PBXGroup section */

/* Begin PBXNativeTarget section */
		BC7312952B3622C8008B69DD /* MemoryManagement */ = {
			isa = PBXNativeTarget;
			buildConfigurationList = BC7312AA2B3622C9008B69DD /* Build configuration list for PBXNativeTarget "MemoryManagement" */;
			buildPhases = (
				BC7312922B3622C8008B69DD /* Sources */,
				BC7312932B3622C8008B69DD /* Frameworks */,
				BC7312942B3622C8008B69DD /* Resources */,
			);
			buildRules = (
			);
			dependencies = (
			);
			name = MemoryManagement;
			productName = MemoryManagement;
			productReference = BC7312962B3622C8008B69DD /* MemoryManagement.app */;
			productType = "com.apple.product-type.application";
		};
/* End PBXNativeTarget section */

/* Begin PBXProject section */
		BC73128E2B3622C8008B69DD /* Project object */ = {
			isa = PBXProject;
			attributes = {
				BuildIndependentTargetsInParallel = 1;
				LastSwiftUpdateCheck = 1500;
				LastUpgradeCheck = 1500;
				TargetAttributes = {
					BC7312952B3622C8008B69DD = {
						CreatedOnToolsVersion = 15.0.1;
					};
				};
			};
			buildConfigurationList = BC7312912B3622C8008B69DD /* Build configuration list for PBXProject "MemoryManagement" */;
			compatibilityVersion = "Xcode 14.0";
			developmentRegion = en;
			hasScannedForEncodings = 0;
			knownRegions = (
				en,
				Base,
			);
			mainGroup = BC73128D2B3622C8008B69DD;
			productRefGroup = BC7312972B3622C8008B69DD /* Products */;
			projectDirPath = "";
			projectRoot = "";
			targets = (
				BC7312952B3622C8008B69DD /* MemoryManagement */,
			);
		};
/* End PBXProject section */

/* Begin PBXResourcesBuildPhase section */
		BC7312942B3622C8008B69DD /* Resources */ = {
			isa = PBXResourcesBuildPhase;
			buildActionMask = 2147483647;
			files = (
				BC7312A62B3622C9008B69DD /* LaunchScreen.storyboard in Resources */,
				BC7312A32B3622C9008B69DD /* Assets.xcassets in Resources */,
				BC7312A12B3622C8008B69DD /* Main.storyboard in Resources */,
			);
			runOnlyForDeploymentPostprocessing = 0;
		};
/* End PBXResourcesBuildPhase section */

/* Begin PBXSourcesBuildPhase section */
		BC7312922B3622C8008B69DD /* Sources */ = {
			isa = PBXSourcesBuildPhase;
			buildActionMask = 2147483647;
			files = (
				BC73129E2B3622C8008B69DD /* ViewController.swift in Sources */,
				BC7312B02B362576008B69DD /* Parent+Child+Idle.swift in Sources */,
				BC73129A2B3622C8008B69DD /* AppDelegate.swift in Sources */,
				BC7312AE2B36239A008B69DD /* Parent+Child+Leak.swift in Sources */,
				BC73129C2B3622C8008B69DD /* SceneDelegate.swift in Sources */,
			);
			runOnlyForDeploymentPostprocessing = 0;
		};
/* End PBXSourcesBuildPhase section */

/* Begin PBXVariantGroup section */
		BC73129F2B3622C8008B69DD /* Main.storyboard */ = {
			isa = PBXVariantGroup;
			children = (
				BC7312A02B3622C8008B69DD /* Base */,
			);
			name = Main.storyboard;
			sourceTree = "<group>";
		};
		BC7312A42B3622C9008B69DD /* LaunchScreen.storyboard */ = {
			isa = PBXVariantGroup;
			children = (
				BC7312A52B3622C9008B69DD /* Base */,
			);
			name = LaunchScreen.storyboard;
			sourceTree = "<group>";
		};
/* End PBXVariantGroup section */

/* Begin XCBuildConfiguration section */
		BC7312A82B3622C9008B69DD /* Debug */ = {
			isa = XCBuildConfiguration;
			buildSettings = {
				ALWAYS_SEARCH_USER_PATHS = NO;
				ASSETCATALOG_COMPILER_GENERATE_SWIFT_ASSET_SYMBOL_EXTENSIONS = YES;
				CLANG_ANALYZER_NONNULL = YES;
				CLANG_ANALYZER_NUMBER_OBJECT_CONVERSION = YES_AGGRESSIVE;
				CLANG_CXX_LANGUAGE_STANDARD = "gnu++20";
				CLANG_ENABLE_MODULES = YES;
				CLANG_ENABLE_OBJC_ARC = YES;
				CLANG_ENABLE_OBJC_WEAK = YES;
				CLANG_WARN_BLOCK_CAPTURE_AUTORELEASING = YES;
				CLANG_WARN_BOOL_CONVERSION = YES;
				CLANG_WARN_COMMA = YES;
				CLANG_WARN_CONSTANT_CONVERSION = YES;
				CLANG_WARN_DEPRECATED_OBJC_IMPLEMENTATIONS = YES;
				CLANG_WARN_DIRECT_OBJC_ISA_USAGE = YES_ERROR;
				CLANG_WARN_DOCUMENTATION_COMMENTS = YES;
				CLANG_WARN_EMPTY_BODY = YES;
				CLANG_WARN_ENUM_CONVERSION = YES;
				CLANG_WARN_INFINITE_RECURSION = YES;
				CLANG_WARN_INT_CONVERSION = YES;
				CLANG_WARN_NON_LITERAL_NULL_CONVERSION = YES;
				CLANG_WARN_OBJC_IMPLICIT_RETAIN_SELF = YES;
				CLANG_WARN_OBJC_LITERAL_CONVERSION = YES;
				CLANG_WARN_OBJC_ROOT_CLASS = YES_ERROR;
				CLANG_WARN_QUOTED_INCLUDE_IN_FRAMEWORK_HEADER = YES;
				CLANG_WARN_RANGE_LOOP_ANALYSIS = YES;
				CLANG_WARN_STRICT_PROTOTYPES = YES;
				CLANG_WARN_SUSPICIOUS_MOVE = YES;
				CLANG_WARN_UNGUARDED_AVAILABILITY = YES_AGGRESSIVE;
				CLANG_WARN_UNREACHABLE_CODE = YES;
				CLANG_WARN__DUPLICATE_METHOD_MATCH = YES;
				COPY_PHASE_STRIP = NO;
				DEBUG_INFORMATION_FORMAT = dwarf;
				ENABLE_STRICT_OBJC_MSGSEND = YES;
				ENABLE_TESTABILITY = YES;
				ENABLE_USER_SCRIPT_SANDBOXING = YES;
				GCC_C_LANGUAGE_STANDARD = gnu17;
				GCC_DYNAMIC_NO_PIC = NO;
				GCC_NO_COMMON_BLOCKS = YES;
				GCC_OPTIMIZATION_LEVEL = 0;
				GCC_PREPROCESSOR_DEFINITIONS = (
					"DEBUG=1",
					"$(inherited)",
				);
				GCC_WARN_64_TO_32_BIT_CONVERSION = YES;
				GCC_WARN_ABOUT_RETURN_TYPE = YES_ERROR;
				GCC_WARN_UNDECLARED_SELECTOR = YES;
				GCC_WARN_UNINITIALIZED_AUTOS = YES_AGGRESSIVE;
				GCC_WARN_UNUSED_FUNCTION = YES;
				GCC_WARN_UNUSED_VARIABLE = YES;
				IPHONEOS_DEPLOYMENT_TARGET = 17.0;
				LOCALIZATION_PREFERS_STRING_CATALOGS = YES;
				MTL_ENABLE_DEBUG_INFO = INCLUDE_SOURCE;
				MTL_FAST_MATH = YES;
				ONLY_ACTIVE_ARCH = YES;
				SDKROOT = iphoneos;
				SWIFT_ACTIVE_COMPILATION_CONDITIONS = "DEBUG $(inherited)";
				SWIFT_OPTIMIZATION_LEVEL = "-Onone";
			};
			name = Debug;
		};
		BC7312A92B3622C9008B69DD /* Release */ = {
			isa = XCBuildConfiguration;
			buildSettings = {
				ALWAYS_SEARCH_USER_PATHS = NO;
				ASSETCATALOG_COMPILER_GENERATE_SWIFT_ASSET_SYMBOL_EXTENSIONS = YES;
				CLANG_ANALYZER_NONNULL = YES;
				CLANG_ANALYZER_NUMBER_OBJECT_CONVERSION = YES_AGGRESSIVE;
				CLANG_CXX_LANGUAGE_STANDARD = "gnu++20";
				CLANG_ENABLE_MODULES = YES;
				CLANG_ENABLE_OBJC_ARC = YES;
				CLANG_ENABLE_OBJC_WEAK = YES;
				CLANG_WARN_BLOCK_CAPTURE_AUTORELEASING = YES;
				CLANG_WARN_BOOL_CONVERSION = YES;
				CLANG_WARN_COMMA = YES;
				CLANG_WARN_CONSTANT_CONVERSION = YES;
				CLANG_WARN_DEPRECATED_OBJC_IMPLEMENTATIONS = YES;
				CLANG_WARN_DIRECT_OBJC_ISA_USAGE = YES_ERROR;
				CLANG_WARN_DOCUMENTATION_COMMENTS = YES;
				CLANG_WARN_EMPTY_BODY = YES;
				CLANG_WARN_ENUM_CONVERSION = YES;
				CLANG_WARN_INFINITE_RECURSION = YES;
				CLANG_WARN_INT_CONVERSION = YES;
				CLANG_WARN_NON_LITERAL_NULL_CONVERSION = YES;
				CLANG_WARN_OBJC_IMPLICIT_RETAIN_SELF = YES;
				CLANG_WARN_OBJC_LITERAL_CONVERSION = YES;
				CLANG_WARN_OBJC_ROOT_CLASS = YES_ERROR;
				CLANG_WARN_QUOTED_INCLUDE_IN_FRAMEWORK_HEADER = YES;
				CLANG_WARN_RANGE_LOOP_ANALYSIS = YES;
				CLANG_WARN_STRICT_PROTOTYPES = YES;
				CLANG_WARN_SUSPICIOUS_MOVE = YES;
				CLANG_WARN_UNGUARDED_AVAILABILITY = YES_AGGRESSIVE;
				CLANG_WARN_UNREACHABLE_CODE = YES;
				CLANG_WARN__DUPLICATE_METHOD_MATCH = YES;
				COPY_PHASE_STRIP = NO;
				DEBUG_INFORMATION_FORMAT = "dwarf-with-dsym";
				ENABLE_NS_ASSERTIONS = NO;
				ENABLE_STRICT_OBJC_MSGSEND = YES;
				ENABLE_USER_SCRIPT_SANDBOXING = YES;
				GCC_C_LANGUAGE_STANDARD = gnu17;
				GCC_NO_COMMON_BLOCKS = YES;
				GCC_WARN_64_TO_32_BIT_CONVERSION = YES;
				GCC_WARN_ABOUT_RETURN_TYPE = YES_ERROR;
				GCC_WARN_UNDECLARED_SELECTOR = YES;
				GCC_WARN_UNINITIALIZED_AUTOS = YES_AGGRESSIVE;
				GCC_WARN_UNUSED_FUNCTION = YES;
				GCC_WARN_UNUSED_VARIABLE = YES;
				IPHONEOS_DEPLOYMENT_TARGET = 17.0;
				LOCALIZATION_PREFERS_STRING_CATALOGS = YES;
				MTL_ENABLE_DEBUG_INFO = NO;
				MTL_FAST_MATH = YES;
				SDKROOT = iphoneos;
				SWIFT_COMPILATION_MODE = wholemodule;
				VALIDATE_PRODUCT = YES;
			};
			name = Release;
		};
		BC7312AB2B3622C9008B69DD /* Debug */ = {
			isa = XCBuildConfiguration;
			buildSettings = {
				ASSETCATALOG_COMPILER_APPICON_NAME = AppIcon;
				ASSETCATALOG_COMPILER_GLOBAL_ACCENT_COLOR_NAME = AccentColor;
				CODE_SIGN_STYLE = Automatic;
				CURRENT_PROJECT_VERSION = 1;
				DEVELOPMENT_TEAM = 5P6D5FBAQW;
				GENERATE_INFOPLIST_FILE = YES;
				INFOPLIST_FILE = MemoryManagement/Info.plist;
				INFOPLIST_KEY_UIApplicationSupportsIndirectInputEvents = YES;
				INFOPLIST_KEY_UILaunchStoryboardName = LaunchScreen;
				INFOPLIST_KEY_UIMainStoryboardFile = Main;
				INFOPLIST_KEY_UISupportedInterfaceOrientations_iPad = "UIInterfaceOrientationPortrait UIInterfaceOrientationPortraitUpsideDown UIInterfaceOrientationLandscapeLeft UIInterfaceOrientationLandscapeRight";
				INFOPLIST_KEY_UISupportedInterfaceOrientations_iPhone = "UIInterfaceOrientationPortrait UIInterfaceOrientationLandscapeLeft UIInterfaceOrientationLandscapeRight";
				LD_RUNPATH_SEARCH_PATHS = (
					"$(inherited)",
					"@executable_path/Frameworks",
				);
				MARKETING_VERSION = 1.0;
				PRODUCT_BUNDLE_IDENTIFIER = com.AnkitGupta.MemoryManagement;
				PRODUCT_NAME = "$(TARGET_NAME)";
				SWIFT_EMIT_LOC_STRINGS = YES;
				SWIFT_VERSION = 5.0;
				TARGETED_DEVICE_FAMILY = "1,2";
			};
			name = Debug;
		};
		BC7312AC2B3622C9008B69DD /* Release */ = {
			isa = XCBuildConfiguration;
			buildSettings = {
				ASSETCATALOG_COMPILER_APPICON_NAME = AppIcon;
				ASSETCATALOG_COMPILER_GLOBAL_ACCENT_COLOR_NAME = AccentColor;
				CODE_SIGN_STYLE = Automatic;
				CURRENT_PROJECT_VERSION = 1;
				DEVELOPMENT_TEAM = 5P6D5FBAQW;
				GENERATE_INFOPLIST_FILE = YES;
				INFOPLIST_FILE = MemoryManagement/Info.plist;
				INFOPLIST_KEY_UIApplicationSupportsIndirectInputEvents = YES;
				INFOPLIST_KEY_UILaunchStoryboardName = LaunchScreen;
				INFOPLIST_KEY_UIMainStoryboardFile = Main;
				INFOPLIST_KEY_UISupportedInterfaceOrientations_iPad = "UIInterfaceOrientationPortrait UIInterfaceOrientationPortraitUpsideDown UIInterfaceOrientationLandscapeLeft UIInterfaceOrientationLandscapeRight";
				INFOPLIST_KEY_UISupportedInterfaceOrientations_iPhone = "UIInterfaceOrientationPortrait UIInterfaceOrientationLandscapeLeft UIInterfaceOrientationLandscapeRight";
				LD_RUNPATH_SEARCH_PATHS = (
					"$(inherited)",
					"@executable_path/Frameworks",
				);
				MARKETING_VERSION = 1.0;
				PRODUCT_BUNDLE_IDENTIFIER = com.AnkitGupta.MemoryManagement;
				PRODUCT_NAME = "$(TARGET_NAME)";
				SWIFT_EMIT_LOC_STRINGS = YES;
				SWIFT_VERSION = 5.0;
				TARGETED_DEVICE_FAMILY = "1,2";
			};
			name = Release;
		};
/* End XCBuildConfiguration section */

/* Begin XCConfigurationList section */
		BC7312912B3622C8008B69DD /* Build configuration list for PBXProject "MemoryManagement" */ = {
			isa = XCConfigurationList;
			buildConfigurations = (
				BC7312A82B3622C9008B69DD /* Debug */,
				BC7312A92B3622C9008B69DD /* Release */,
			);
			defaultConfigurationIsVisible = 0;
			defaultConfigurationName = Release;
		};
		BC7312AA2B3622C9008B69DD /* Build configuration list for PBXNativeTarget "MemoryManagement" */ = {
			isa = XCConfigurationList;
			buildConfigurations = (
				BC7312AB2B3622C9008B69DD /* Debug */,
				BC7312AC2B3622C9008B69DD /* Release */,
			);
			defaultConfigurationIsVisible = 0;
			defaultConfigurationName = Release;
		};
/* End XCConfigurationList section */
	};
	rootObject = BC73128E2B3622C8008B69DD /* Project object */;
}
